// !$*UTF8*$!
{
	archiveVersion = 1;
	classes = {
	};
	objectVersion = 50;
	objects = {

/* Begin PBXBuildFile section */
		3CB5D1F52681EEB40090020C /* effect.cpp in Sources */ = {isa = PBXBuildFile; fileRef = 3CB5D1F42681EEB40090020C /* effect.cpp */; };
		3CE44E64267FAA4700774BE0 /* main.cpp in Sources */ = {isa = PBXBuildFile; fileRef = 3CE44E63267FAA4700774BE0 /* main.cpp */; };
		3CE44EA2267FAB1700774BE0 /* libopencv_tracking.4.5.2.dylib in Frameworks */ = {isa = PBXBuildFile; fileRef = 3CE44E6B267FAB1600774BE0 /* libopencv_tracking.4.5.2.dylib */; };
		3CE44EA3267FAB1700774BE0 /* libopencv_phase_unwrapping.4.5.2.dylib in Frameworks */ = {isa = PBXBuildFile; fileRef = 3CE44E6C267FAB1600774BE0 /* libopencv_phase_unwrapping.4.5.2.dylib */; };
		3CE44EA4267FAB1700774BE0 /* libopencv_rapid.4.5.2.dylib in Frameworks */ = {isa = PBXBuildFile; fileRef = 3CE44E6D267FAB1600774BE0 /* libopencv_rapid.4.5.2.dylib */; };
		3CE44EA5267FAB1700774BE0 /* libopencv_saliency.4.5.2.dylib in Frameworks */ = {isa = PBXBuildFile; fileRef = 3CE44E6E267FAB1600774BE0 /* libopencv_saliency.4.5.2.dylib */; };
		3CE44EA6267FAB1700774BE0 /* libopencv_wechat_qrcode.4.5.2.dylib in Frameworks */ = {isa = PBXBuildFile; fileRef = 3CE44E6F267FAB1600774BE0 /* libopencv_wechat_qrcode.4.5.2.dylib */; };
		3CE44EA7267FAB1700774BE0 /* libopencv_intensity_transform.4.5.2.dylib in Frameworks */ = {isa = PBXBuildFile; fileRef = 3CE44E70267FAB1600774BE0 /* libopencv_intensity_transform.4.5.2.dylib */; };
		3CE44EA8267FAB1700774BE0 /* libopencv_quality.4.5.2.dylib in Frameworks */ = {isa = PBXBuildFile; fileRef = 3CE44E71267FAB1600774BE0 /* libopencv_quality.4.5.2.dylib */; };
		3CE44EA9267FAB1700774BE0 /* libopencv_rgbd.4.5.2.dylib in Frameworks */ = {isa = PBXBuildFile; fileRef = 3CE44E72267FAB1600774BE0 /* libopencv_rgbd.4.5.2.dylib */; };
		3CE44EAA267FAB1700774BE0 /* libopencv_fuzzy.4.5.2.dylib in Frameworks */ = {isa = PBXBuildFile; fileRef = 3CE44E73267FAB1600774BE0 /* libopencv_fuzzy.4.5.2.dylib */; };
		3CE44EAB267FAB1700774BE0 /* libopencv_structured_light.4.5.2.dylib in Frameworks */ = {isa = PBXBuildFile; fileRef = 3CE44E74267FAB1600774BE0 /* libopencv_structured_light.4.5.2.dylib */; };
		3CE44EAC267FAB1700774BE0 /* libopencv_line_descriptor.4.5.2.dylib in Frameworks */ = {isa = PBXBuildFile; fileRef = 3CE44E75267FAB1600774BE0 /* libopencv_line_descriptor.4.5.2.dylib */; };
		3CE44EAD267FAB1700774BE0 /* libopencv_objdetect.4.5.2.dylib in Frameworks */ = {isa = PBXBuildFile; fileRef = 3CE44E76267FAB1600774BE0 /* libopencv_objdetect.4.5.2.dylib */; };
		3CE44EAE267FAB1700774BE0 /* libopencv_freetype.4.5.2.dylib in Frameworks */ = {isa = PBXBuildFile; fileRef = 3CE44E77267FAB1600774BE0 /* libopencv_freetype.4.5.2.dylib */; };
		3CE44EAF267FAB1700774BE0 /* libopencv_viz.4.5.2.dylib in Frameworks */ = {isa = PBXBuildFile; fileRef = 3CE44E78267FAB1600774BE0 /* libopencv_viz.4.5.2.dylib */; };
		3CE44EB0267FAB1700774BE0 /* libopencv_flann.4.5.2.dylib in Frameworks */ = {isa = PBXBuildFile; fileRef = 3CE44E79267FAB1600774BE0 /* libopencv_flann.4.5.2.dylib */; };
		3CE44EB1267FAB1700774BE0 /* libopencv_hfs.4.5.2.dylib in Frameworks */ = {isa = PBXBuildFile; fileRef = 3CE44E7A267FAB1600774BE0 /* libopencv_hfs.4.5.2.dylib */; };
		3CE44EB2267FAB1700774BE0 /* libopencv_imgproc.4.5.2.dylib in Frameworks */ = {isa = PBXBuildFile; fileRef = 3CE44E7B267FAB1600774BE0 /* libopencv_imgproc.4.5.2.dylib */; };
		3CE44EB3267FAB1700774BE0 /* libopencv_video.4.5.2.dylib in Frameworks */ = {isa = PBXBuildFile; fileRef = 3CE44E7C267FAB1600774BE0 /* libopencv_video.4.5.2.dylib */; };
		3CE44EB4267FAB1700774BE0 /* libopencv_plot.4.5.2.dylib in Frameworks */ = {isa = PBXBuildFile; fileRef = 3CE44E7D267FAB1600774BE0 /* libopencv_plot.4.5.2.dylib */; };
		3CE44EB5267FAB1700774BE0 /* libopencv_calib3d.4.5.2.dylib in Frameworks */ = {isa = PBXBuildFile; fileRef = 3CE44E7E267FAB1600774BE0 /* libopencv_calib3d.4.5.2.dylib */; };
		3CE44EB6267FAB1700774BE0 /* libopencv_face.4.5.2.dylib in Frameworks */ = {isa = PBXBuildFile; fileRef = 3CE44E7F267FAB1600774BE0 /* libopencv_face.4.5.2.dylib */; };
		3CE44EB7267FAB1700774BE0 /* libopencv_img_hash.4.5.2.dylib in Frameworks */ = {isa = PBXBuildFile; fileRef = 3CE44E80267FAB1600774BE0 /* libopencv_img_hash.4.5.2.dylib */; };
		3CE44EB8267FAB1700774BE0 /* libopencv_dnn.4.5.2.dylib in Frameworks */ = {isa = PBXBuildFile; fileRef = 3CE44E81267FAB1600774BE0 /* libopencv_dnn.4.5.2.dylib */; };
		3CE44EB9267FAB1700774BE0 /* libopencv_surface_matching.4.5.2.dylib in Frameworks */ = {isa = PBXBuildFile; fileRef = 3CE44E82267FAB1600774BE0 /* libopencv_surface_matching.4.5.2.dylib */; };
		3CE44EBA267FAB1700774BE0 /* libopencv_text.4.5.2.dylib in Frameworks */ = {isa = PBXBuildFile; fileRef = 3CE44E83267FAB1600774BE0 /* libopencv_text.4.5.2.dylib */; };
		3CE44EBB267FAB1700774BE0 /* libopencv_ml.4.5.2.dylib in Frameworks */ = {isa = PBXBuildFile; fileRef = 3CE44E84267FAB1600774BE0 /* libopencv_ml.4.5.2.dylib */; };
		3CE44EBC267FAB1700774BE0 /* libopencv_dnn_objdetect.4.5.2.dylib in Frameworks */ = {isa = PBXBuildFile; fileRef = 3CE44E85267FAB1600774BE0 /* libopencv_dnn_objdetect.4.5.2.dylib */; };
		3CE44EBD267FAB1700774BE0 /* libopencv_gapi.4.5.2.dylib in Frameworks */ = {isa = PBXBuildFile; fileRef = 3CE44E86267FAB1600774BE0 /* libopencv_gapi.4.5.2.dylib */; };
		3CE44EBE267FAB1700774BE0 /* libopencv_ximgproc.4.5.2.dylib in Frameworks */ = {isa = PBXBuildFile; fileRef = 3CE44E87267FAB1600774BE0 /* libopencv_ximgproc.4.5.2.dylib */; };
		3CE44EBF267FAB1700774BE0 /* libopencv_imgcodecs.4.5.2.dylib in Frameworks */ = {isa = PBXBuildFile; fileRef = 3CE44E88267FAB1600774BE0 /* libopencv_imgcodecs.4.5.2.dylib */; };
		3CE44EC0267FAB1700774BE0 /* libopencv_ccalib.4.5.2.dylib in Frameworks */ = {isa = PBXBuildFile; fileRef = 3CE44E89267FAB1600774BE0 /* libopencv_ccalib.4.5.2.dylib */; };
		3CE44EC1267FAB1700774BE0 /* libopencv_videostab.4.5.2.dylib in Frameworks */ = {isa = PBXBuildFile; fileRef = 3CE44E8A267FAB1600774BE0 /* libopencv_videostab.4.5.2.dylib */; };
		3CE44EC2267FAB1700774BE0 /* libopencv_core.4.5.2.dylib in Frameworks */ = {isa = PBXBuildFile; fileRef = 3CE44E8B267FAB1600774BE0 /* libopencv_core.4.5.2.dylib */; };
		3CE44EC3267FAB1700774BE0 /* libopencv_superres.4.5.2.dylib in Frameworks */ = {isa = PBXBuildFile; fileRef = 3CE44E8C267FAB1600774BE0 /* libopencv_superres.4.5.2.dylib */; };
		3CE44EC4267FAB1700774BE0 /* libopencv_dnn_superres.4.5.2.dylib in Frameworks */ = {isa = PBXBuildFile; fileRef = 3CE44E8D267FAB1600774BE0 /* libopencv_dnn_superres.4.5.2.dylib */; };
		3CE44EC5267FAB1700774BE0 /* libopencv_alphamat.4.5.2.dylib in Frameworks */ = {isa = PBXBuildFile; fileRef = 3CE44E8E267FAB1600774BE0 /* libopencv_alphamat.4.5.2.dylib */; };
		3CE44EC6267FAB1800774BE0 /* libopencv_videoio.4.5.2.dylib in Frameworks */ = {isa = PBXBuildFile; fileRef = 3CE44E8F267FAB1600774BE0 /* libopencv_videoio.4.5.2.dylib */; };
		3CE44EC7267FAB1800774BE0 /* libopencv_xfeatures2d.4.5.2.dylib in Frameworks */ = {isa = PBXBuildFile; fileRef = 3CE44E90267FAB1600774BE0 /* libopencv_xfeatures2d.4.5.2.dylib */; };
		3CE44EC8267FAB1800774BE0 /* libopencv_xphoto.4.5.2.dylib in Frameworks */ = {isa = PBXBuildFile; fileRef = 3CE44E91267FAB1600774BE0 /* libopencv_xphoto.4.5.2.dylib */; };
		3CE44EC9267FAB1800774BE0 /* libopencv_stereo.4.5.2.dylib in Frameworks */ = {isa = PBXBuildFile; fileRef = 3CE44E92267FAB1600774BE0 /* libopencv_stereo.4.5.2.dylib */; };
		3CE44ECA267FAB1800774BE0 /* libopencv_aruco.4.5.2.dylib in Frameworks */ = {isa = PBXBuildFile; fileRef = 3CE44E93267FAB1600774BE0 /* libopencv_aruco.4.5.2.dylib */; };
		3CE44ECB267FAB1800774BE0 /* libopencv_optflow.4.5.2.dylib in Frameworks */ = {isa = PBXBuildFile; fileRef = 3CE44E94267FAB1600774BE0 /* libopencv_optflow.4.5.2.dylib */; };
		3CE44ECC267FAB1800774BE0 /* libopencv_shape.4.5.2.dylib in Frameworks */ = {isa = PBXBuildFile; fileRef = 3CE44E95267FAB1700774BE0 /* libopencv_shape.4.5.2.dylib */; };
		3CE44ECD267FAB1800774BE0 /* libopencv_features2d.4.5.2.dylib in Frameworks */ = {isa = PBXBuildFile; fileRef = 3CE44E96267FAB1700774BE0 /* libopencv_features2d.4.5.2.dylib */; };
		3CE44ECE267FAB1800774BE0 /* libopencv_sfm.4.5.2.dylib in Frameworks */ = {isa = PBXBuildFile; fileRef = 3CE44E97267FAB1700774BE0 /* libopencv_sfm.4.5.2.dylib */; };
		3CE44ECF267FAB1800774BE0 /* libopencv_datasets.4.5.2.dylib in Frameworks */ = {isa = PBXBuildFile; fileRef = 3CE44E98267FAB1700774BE0 /* libopencv_datasets.4.5.2.dylib */; };
		3CE44ED0267FAB1800774BE0 /* libopencv_highgui.4.5.2.dylib in Frameworks */ = {isa = PBXBuildFile; fileRef = 3CE44E99267FAB1700774BE0 /* libopencv_highgui.4.5.2.dylib */; };
		3CE44ED1267FAB1800774BE0 /* libopencv_bioinspired.4.5.2.dylib in Frameworks */ = {isa = PBXBuildFile; fileRef = 3CE44E9A267FAB1700774BE0 /* libopencv_bioinspired.4.5.2.dylib */; };
		3CE44ED2267FAB1800774BE0 /* libopencv_reg.4.5.2.dylib in Frameworks */ = {isa = PBXBuildFile; fileRef = 3CE44E9B267FAB1700774BE0 /* libopencv_reg.4.5.2.dylib */; };
		3CE44ED3267FAB1800774BE0 /* libopencv_xobjdetect.4.5.2.dylib in Frameworks */ = {isa = PBXBuildFile; fileRef = 3CE44E9C267FAB1700774BE0 /* libopencv_xobjdetect.4.5.2.dylib */; };
		3CE44ED4267FAB1800774BE0 /* libopencv_photo.4.5.2.dylib in Frameworks */ = {isa = PBXBuildFile; fileRef = 3CE44E9D267FAB1700774BE0 /* libopencv_photo.4.5.2.dylib */; };
		3CE44ED5267FAB1800774BE0 /* libopencv_dpm.4.5.2.dylib in Frameworks */ = {isa = PBXBuildFile; fileRef = 3CE44E9E267FAB1700774BE0 /* libopencv_dpm.4.5.2.dylib */; };
		3CE44ED6267FAB1800774BE0 /* libopencv_stitching.4.5.2.dylib in Frameworks */ = {isa = PBXBuildFile; fileRef = 3CE44E9F267FAB1700774BE0 /* libopencv_stitching.4.5.2.dylib */; };
		3CE44ED7267FAB1800774BE0 /* libopencv_bgsegm.4.5.2.dylib in Frameworks */ = {isa = PBXBuildFile; fileRef = 3CE44EA0267FAB1700774BE0 /* libopencv_bgsegm.4.5.2.dylib */; };
		3CE44ED8267FAB1800774BE0 /* libopencv_mcc.4.5.2.dylib in Frameworks */ = {isa = PBXBuildFile; fileRef = 3CE44EA1267FAB1700774BE0 /* libopencv_mcc.4.5.2.dylib */; };
/* End PBXBuildFile section */

/* Begin PBXCopyFilesBuildPhase section */
		3CE44E5E267FAA4700774BE0 /* CopyFiles */ = {
			isa = PBXCopyFilesBuildPhase;
			buildActionMask = 2147483647;
			dstPath = /usr/share/man/man1/;
			dstSubfolderSpec = 0;
			files = (
			);
			runOnlyForDeploymentPostprocessing = 1;
		};
/* End PBXCopyFilesBuildPhase section */

/* Begin PBXFileReference section */
		3CB5D1F32681EEAE0090020C /* effect.h */ = {isa = PBXFileReference; lastKnownFileType = sourcecode.c.h; path = effect.h; sourceTree = "<group>"; };
		3CB5D1F42681EEB40090020C /* effect.cpp */ = {isa = PBXFileReference; fileEncoding = 4; lastKnownFileType = sourcecode.cpp.cpp; path = effect.cpp; sourceTree = "<group>"; };
		3CE44E60267FAA4700774BE0 /* Foutoshop */ = {isa = PBXFileReference; explicitFileType = "compiled.mach-o.executable"; includeInIndex = 0; path = Foutoshop; sourceTree = BUILT_PRODUCTS_DIR; };
		3CE44E63267FAA4700774BE0 /* main.cpp */ = {isa = PBXFileReference; lastKnownFileType = sourcecode.cpp.cpp; path = main.cpp; sourceTree = "<group>"; };
		3CE44E6B267FAB1600774BE0 /* libopencv_tracking.4.5.2.dylib */ = {isa = PBXFileReference; lastKnownFileType = "compiled.mach-o.dylib"; name = libopencv_tracking.4.5.2.dylib; path = ../../../../usr/local/Cellar/opencv/4.5.2_4/lib/libopencv_tracking.4.5.2.dylib; sourceTree = "<group>"; };
		3CE44E6C267FAB1600774BE0 /* libopencv_phase_unwrapping.4.5.2.dylib */ = {isa = PBXFileReference; lastKnownFileType = "compiled.mach-o.dylib"; name = libopencv_phase_unwrapping.4.5.2.dylib; path = ../../../../usr/local/Cellar/opencv/4.5.2_4/lib/libopencv_phase_unwrapping.4.5.2.dylib; sourceTree = "<group>"; };
		3CE44E6D267FAB1600774BE0 /* libopencv_rapid.4.5.2.dylib */ = {isa = PBXFileReference; lastKnownFileType = "compiled.mach-o.dylib"; name = libopencv_rapid.4.5.2.dylib; path = ../../../../usr/local/Cellar/opencv/4.5.2_4/lib/libopencv_rapid.4.5.2.dylib; sourceTree = "<group>"; };
		3CE44E6E267FAB1600774BE0 /* libopencv_saliency.4.5.2.dylib */ = {isa = PBXFileReference; lastKnownFileType = "compiled.mach-o.dylib"; name = libopencv_saliency.4.5.2.dylib; path = ../../../../usr/local/Cellar/opencv/4.5.2_4/lib/libopencv_saliency.4.5.2.dylib; sourceTree = "<group>"; };
		3CE44E6F267FAB1600774BE0 /* libopencv_wechat_qrcode.4.5.2.dylib */ = {isa = PBXFileReference; lastKnownFileType = "compiled.mach-o.dylib"; name = libopencv_wechat_qrcode.4.5.2.dylib; path = ../../../../usr/local/Cellar/opencv/4.5.2_4/lib/libopencv_wechat_qrcode.4.5.2.dylib; sourceTree = "<group>"; };
		3CE44E70267FAB1600774BE0 /* libopencv_intensity_transform.4.5.2.dylib */ = {isa = PBXFileReference; lastKnownFileType = "compiled.mach-o.dylib"; name = libopencv_intensity_transform.4.5.2.dylib; path = ../../../../usr/local/Cellar/opencv/4.5.2_4/lib/libopencv_intensity_transform.4.5.2.dylib; sourceTree = "<group>"; };
		3CE44E71267FAB1600774BE0 /* libopencv_quality.4.5.2.dylib */ = {isa = PBXFileReference; lastKnownFileType = "compiled.mach-o.dylib"; name = libopencv_quality.4.5.2.dylib; path = ../../../../usr/local/Cellar/opencv/4.5.2_4/lib/libopencv_quality.4.5.2.dylib; sourceTree = "<group>"; };
		3CE44E72267FAB1600774BE0 /* libopencv_rgbd.4.5.2.dylib */ = {isa = PBXFileReference; lastKnownFileType = "compiled.mach-o.dylib"; name = libopencv_rgbd.4.5.2.dylib; path = ../../../../usr/local/Cellar/opencv/4.5.2_4/lib/libopencv_rgbd.4.5.2.dylib; sourceTree = "<group>"; };
		3CE44E73267FAB1600774BE0 /* libopencv_fuzzy.4.5.2.dylib */ = {isa = PBXFileReference; lastKnownFileType = "compiled.mach-o.dylib"; name = libopencv_fuzzy.4.5.2.dylib; path = ../../../../usr/local/Cellar/opencv/4.5.2_4/lib/libopencv_fuzzy.4.5.2.dylib; sourceTree = "<group>"; };
		3CE44E74267FAB1600774BE0 /* libopencv_structured_light.4.5.2.dylib */ = {isa = PBXFileReference; lastKnownFileType = "compiled.mach-o.dylib"; name = libopencv_structured_light.4.5.2.dylib; path = ../../../../usr/local/Cellar/opencv/4.5.2_4/lib/libopencv_structured_light.4.5.2.dylib; sourceTree = "<group>"; };
		3CE44E75267FAB1600774BE0 /* libopencv_line_descriptor.4.5.2.dylib */ = {isa = PBXFileReference; lastKnownFileType = "compiled.mach-o.dylib"; name = libopencv_line_descriptor.4.5.2.dylib; path = ../../../../usr/local/Cellar/opencv/4.5.2_4/lib/libopencv_line_descriptor.4.5.2.dylib; sourceTree = "<group>"; };
		3CE44E76267FAB1600774BE0 /* libopencv_objdetect.4.5.2.dylib */ = {isa = PBXFileReference; lastKnownFileType = "compiled.mach-o.dylib"; name = libopencv_objdetect.4.5.2.dylib; path = ../../../../usr/local/Cellar/opencv/4.5.2_4/lib/libopencv_objdetect.4.5.2.dylib; sourceTree = "<group>"; };
		3CE44E77267FAB1600774BE0 /* libopencv_freetype.4.5.2.dylib */ = {isa = PBXFileReference; lastKnownFileType = "compiled.mach-o.dylib"; name = libopencv_freetype.4.5.2.dylib; path = ../../../../usr/local/Cellar/opencv/4.5.2_4/lib/libopencv_freetype.4.5.2.dylib; sourceTree = "<group>"; };
		3CE44E78267FAB1600774BE0 /* libopencv_viz.4.5.2.dylib */ = {isa = PBXFileReference; lastKnownFileType = "compiled.mach-o.dylib"; name = libopencv_viz.4.5.2.dylib; path = ../../../../usr/local/Cellar/opencv/4.5.2_4/lib/libopencv_viz.4.5.2.dylib; sourceTree = "<group>"; };
		3CE44E79267FAB1600774BE0 /* libopencv_flann.4.5.2.dylib */ = {isa = PBXFileReference; lastKnownFileType = "compiled.mach-o.dylib"; name = libopencv_flann.4.5.2.dylib; path = ../../../../usr/local/Cellar/opencv/4.5.2_4/lib/libopencv_flann.4.5.2.dylib; sourceTree = "<group>"; };
		3CE44E7A267FAB1600774BE0 /* libopencv_hfs.4.5.2.dylib */ = {isa = PBXFileReference; lastKnownFileType = "compiled.mach-o.dylib"; name = libopencv_hfs.4.5.2.dylib; path = ../../../../usr/local/Cellar/opencv/4.5.2_4/lib/libopencv_hfs.4.5.2.dylib; sourceTree = "<group>"; };
		3CE44E7B267FAB1600774BE0 /* libopencv_imgproc.4.5.2.dylib */ = {isa = PBXFileReference; lastKnownFileType = "compiled.mach-o.dylib"; name = libopencv_imgproc.4.5.2.dylib; path = ../../../../usr/local/Cellar/opencv/4.5.2_4/lib/libopencv_imgproc.4.5.2.dylib; sourceTree = "<group>"; };
		3CE44E7C267FAB1600774BE0 /* libopencv_video.4.5.2.dylib */ = {isa = PBXFileReference; lastKnownFileType = "compiled.mach-o.dylib"; name = libopencv_video.4.5.2.dylib; path = ../../../../usr/local/Cellar/opencv/4.5.2_4/lib/libopencv_video.4.5.2.dylib; sourceTree = "<group>"; };
		3CE44E7D267FAB1600774BE0 /* libopencv_plot.4.5.2.dylib */ = {isa = PBXFileReference; lastKnownFileType = "compiled.mach-o.dylib"; name = libopencv_plot.4.5.2.dylib; path = ../../../../usr/local/Cellar/opencv/4.5.2_4/lib/libopencv_plot.4.5.2.dylib; sourceTree = "<group>"; };
		3CE44E7E267FAB1600774BE0 /* libopencv_calib3d.4.5.2.dylib */ = {isa = PBXFileReference; lastKnownFileType = "compiled.mach-o.dylib"; name = libopencv_calib3d.4.5.2.dylib; path = ../../../../usr/local/Cellar/opencv/4.5.2_4/lib/libopencv_calib3d.4.5.2.dylib; sourceTree = "<group>"; };
		3CE44E7F267FAB1600774BE0 /* libopencv_face.4.5.2.dylib */ = {isa = PBXFileReference; lastKnownFileType = "compiled.mach-o.dylib"; name = libopencv_face.4.5.2.dylib; path = ../../../../usr/local/Cellar/opencv/4.5.2_4/lib/libopencv_face.4.5.2.dylib; sourceTree = "<group>"; };
		3CE44E80267FAB1600774BE0 /* libopencv_img_hash.4.5.2.dylib */ = {isa = PBXFileReference; lastKnownFileType = "compiled.mach-o.dylib"; name = libopencv_img_hash.4.5.2.dylib; path = ../../../../usr/local/Cellar/opencv/4.5.2_4/lib/libopencv_img_hash.4.5.2.dylib; sourceTree = "<group>"; };
		3CE44E81267FAB1600774BE0 /* libopencv_dnn.4.5.2.dylib */ = {isa = PBXFileReference; lastKnownFileType = "compiled.mach-o.dylib"; name = libopencv_dnn.4.5.2.dylib; path = ../../../../usr/local/Cellar/opencv/4.5.2_4/lib/libopencv_dnn.4.5.2.dylib; sourceTree = "<group>"; };
		3CE44E82267FAB1600774BE0 /* libopencv_surface_matching.4.5.2.dylib */ = {isa = PBXFileReference; lastKnownFileType = "compiled.mach-o.dylib"; name = libopencv_surface_matching.4.5.2.dylib; path = ../../../../usr/local/Cellar/opencv/4.5.2_4/lib/libopencv_surface_matching.4.5.2.dylib; sourceTree = "<group>"; };
		3CE44E83267FAB1600774BE0 /* libopencv_text.4.5.2.dylib */ = {isa = PBXFileReference; lastKnownFileType = "compiled.mach-o.dylib"; name = libopencv_text.4.5.2.dylib; path = ../../../../usr/local/Cellar/opencv/4.5.2_4/lib/libopencv_text.4.5.2.dylib; sourceTree = "<group>"; };
		3CE44E84267FAB1600774BE0 /* libopencv_ml.4.5.2.dylib */ = {isa = PBXFileReference; lastKnownFileType = "compiled.mach-o.dylib"; name = libopencv_ml.4.5.2.dylib; path = ../../../../usr/local/Cellar/opencv/4.5.2_4/lib/libopencv_ml.4.5.2.dylib; sourceTree = "<group>"; };
		3CE44E85267FAB1600774BE0 /* libopencv_dnn_objdetect.4.5.2.dylib */ = {isa = PBXFileReference; lastKnownFileType = "compiled.mach-o.dylib"; name = libopencv_dnn_objdetect.4.5.2.dylib; path = ../../../../usr/local/Cellar/opencv/4.5.2_4/lib/libopencv_dnn_objdetect.4.5.2.dylib; sourceTree = "<group>"; };
		3CE44E86267FAB1600774BE0 /* libopencv_gapi.4.5.2.dylib */ = {isa = PBXFileReference; lastKnownFileType = "compiled.mach-o.dylib"; name = libopencv_gapi.4.5.2.dylib; path = ../../../../usr/local/Cellar/opencv/4.5.2_4/lib/libopencv_gapi.4.5.2.dylib; sourceTree = "<group>"; };
		3CE44E87267FAB1600774BE0 /* libopencv_ximgproc.4.5.2.dylib */ = {isa = PBXFileReference; lastKnownFileType = "compiled.mach-o.dylib"; name = libopencv_ximgproc.4.5.2.dylib; path = ../../../../usr/local/Cellar/opencv/4.5.2_4/lib/libopencv_ximgproc.4.5.2.dylib; sourceTree = "<group>"; };
		3CE44E88267FAB1600774BE0 /* libopencv_imgcodecs.4.5.2.dylib */ = {isa = PBXFileReference; lastKnownFileType = "compiled.mach-o.dylib"; name = libopencv_imgcodecs.4.5.2.dylib; path = ../../../../usr/local/Cellar/opencv/4.5.2_4/lib/libopencv_imgcodecs.4.5.2.dylib; sourceTree = "<group>"; };
		3CE44E89267FAB1600774BE0 /* libopencv_ccalib.4.5.2.dylib */ = {isa = PBXFileReference; lastKnownFileType = "compiled.mach-o.dylib"; name = libopencv_ccalib.4.5.2.dylib; path = ../../../../usr/local/Cellar/opencv/4.5.2_4/lib/libopencv_ccalib.4.5.2.dylib; sourceTree = "<group>"; };
		3CE44E8A267FAB1600774BE0 /* libopencv_videostab.4.5.2.dylib */ = {isa = PBXFileReference; lastKnownFileType = "compiled.mach-o.dylib"; name = libopencv_videostab.4.5.2.dylib; path = ../../../../usr/local/Cellar/opencv/4.5.2_4/lib/libopencv_videostab.4.5.2.dylib; sourceTree = "<group>"; };
		3CE44E8B267FAB1600774BE0 /* libopencv_core.4.5.2.dylib */ = {isa = PBXFileReference; lastKnownFileType = "compiled.mach-o.dylib"; name = libopencv_core.4.5.2.dylib; path = ../../../../usr/local/Cellar/opencv/4.5.2_4/lib/libopencv_core.4.5.2.dylib; sourceTree = "<group>"; };
		3CE44E8C267FAB1600774BE0 /* libopencv_superres.4.5.2.dylib */ = {isa = PBXFileReference; lastKnownFileType = "compiled.mach-o.dylib"; name = libopencv_superres.4.5.2.dylib; path = ../../../../usr/local/Cellar/opencv/4.5.2_4/lib/libopencv_superres.4.5.2.dylib; sourceTree = "<group>"; };
		3CE44E8D267FAB1600774BE0 /* libopencv_dnn_superres.4.5.2.dylib */ = {isa = PBXFileReference; lastKnownFileType = "compiled.mach-o.dylib"; name = libopencv_dnn_superres.4.5.2.dylib; path = ../../../../usr/local/Cellar/opencv/4.5.2_4/lib/libopencv_dnn_superres.4.5.2.dylib; sourceTree = "<group>"; };
		3CE44E8E267FAB1600774BE0 /* libopencv_alphamat.4.5.2.dylib */ = {isa = PBXFileReference; lastKnownFileType = "compiled.mach-o.dylib"; name = libopencv_alphamat.4.5.2.dylib; path = ../../../../usr/local/Cellar/opencv/4.5.2_4/lib/libopencv_alphamat.4.5.2.dylib; sourceTree = "<group>"; };
		3CE44E8F267FAB1600774BE0 /* libopencv_videoio.4.5.2.dylib */ = {isa = PBXFileReference; lastKnownFileType = "compiled.mach-o.dylib"; name = libopencv_videoio.4.5.2.dylib; path = ../../../../usr/local/Cellar/opencv/4.5.2_4/lib/libopencv_videoio.4.5.2.dylib; sourceTree = "<group>"; };
		3CE44E90267FAB1600774BE0 /* libopencv_xfeatures2d.4.5.2.dylib */ = {isa = PBXFileReference; lastKnownFileType = "compiled.mach-o.dylib"; name = libopencv_xfeatures2d.4.5.2.dylib; path = ../../../../usr/local/Cellar/opencv/4.5.2_4/lib/libopencv_xfeatures2d.4.5.2.dylib; sourceTree = "<group>"; };
		3CE44E91267FAB1600774BE0 /* libopencv_xphoto.4.5.2.dylib */ = {isa = PBXFileReference; lastKnownFileType = "compiled.mach-o.dylib"; name = libopencv_xphoto.4.5.2.dylib; path = ../../../../usr/local/Cellar/opencv/4.5.2_4/lib/libopencv_xphoto.4.5.2.dylib; sourceTree = "<group>"; };
		3CE44E92267FAB1600774BE0 /* libopencv_stereo.4.5.2.dylib */ = {isa = PBXFileReference; lastKnownFileType = "compiled.mach-o.dylib"; name = libopencv_stereo.4.5.2.dylib; path = ../../../../usr/local/Cellar/opencv/4.5.2_4/lib/libopencv_stereo.4.5.2.dylib; sourceTree = "<group>"; };
		3CE44E93267FAB1600774BE0 /* libopencv_aruco.4.5.2.dylib */ = {isa = PBXFileReference; lastKnownFileType = "compiled.mach-o.dylib"; name = libopencv_aruco.4.5.2.dylib; path = ../../../../usr/local/Cellar/opencv/4.5.2_4/lib/libopencv_aruco.4.5.2.dylib; sourceTree = "<group>"; };
		3CE44E94267FAB1600774BE0 /* libopencv_optflow.4.5.2.dylib */ = {isa = PBXFileReference; lastKnownFileType = "compiled.mach-o.dylib"; name = libopencv_optflow.4.5.2.dylib; path = ../../../../usr/local/Cellar/opencv/4.5.2_4/lib/libopencv_optflow.4.5.2.dylib; sourceTree = "<group>"; };
		3CE44E95267FAB1700774BE0 /* libopencv_shape.4.5.2.dylib */ = {isa = PBXFileReference; lastKnownFileType = "compiled.mach-o.dylib"; name = libopencv_shape.4.5.2.dylib; path = ../../../../usr/local/Cellar/opencv/4.5.2_4/lib/libopencv_shape.4.5.2.dylib; sourceTree = "<group>"; };
		3CE44E96267FAB1700774BE0 /* libopencv_features2d.4.5.2.dylib */ = {isa = PBXFileReference; lastKnownFileType = "compiled.mach-o.dylib"; name = libopencv_features2d.4.5.2.dylib; path = ../../../../usr/local/Cellar/opencv/4.5.2_4/lib/libopencv_features2d.4.5.2.dylib; sourceTree = "<group>"; };
		3CE44E97267FAB1700774BE0 /* libopencv_sfm.4.5.2.dylib */ = {isa = PBXFileReference; lastKnownFileType = "compiled.mach-o.dylib"; name = libopencv_sfm.4.5.2.dylib; path = ../../../../usr/local/Cellar/opencv/4.5.2_4/lib/libopencv_sfm.4.5.2.dylib; sourceTree = "<group>"; };
		3CE44E98267FAB1700774BE0 /* libopencv_datasets.4.5.2.dylib */ = {isa = PBXFileReference; lastKnownFileType = "compiled.mach-o.dylib"; name = libopencv_datasets.4.5.2.dylib; path = ../../../../usr/local/Cellar/opencv/4.5.2_4/lib/libopencv_datasets.4.5.2.dylib; sourceTree = "<group>"; };
		3CE44E99267FAB1700774BE0 /* libopencv_highgui.4.5.2.dylib */ = {isa = PBXFileReference; lastKnownFileType = "compiled.mach-o.dylib"; name = libopencv_highgui.4.5.2.dylib; path = ../../../../usr/local/Cellar/opencv/4.5.2_4/lib/libopencv_highgui.4.5.2.dylib; sourceTree = "<group>"; };
		3CE44E9A267FAB1700774BE0 /* libopencv_bioinspired.4.5.2.dylib */ = {isa = PBXFileReference; lastKnownFileType = "compiled.mach-o.dylib"; name = libopencv_bioinspired.4.5.2.dylib; path = ../../../../usr/local/Cellar/opencv/4.5.2_4/lib/libopencv_bioinspired.4.5.2.dylib; sourceTree = "<group>"; };
		3CE44E9B267FAB1700774BE0 /* libopencv_reg.4.5.2.dylib */ = {isa = PBXFileReference; lastKnownFileType = "compiled.mach-o.dylib"; name = libopencv_reg.4.5.2.dylib; path = ../../../../usr/local/Cellar/opencv/4.5.2_4/lib/libopencv_reg.4.5.2.dylib; sourceTree = "<group>"; };
		3CE44E9C267FAB1700774BE0 /* libopencv_xobjdetect.4.5.2.dylib */ = {isa = PBXFileReference; lastKnownFileType = "compiled.mach-o.dylib"; name = libopencv_xobjdetect.4.5.2.dylib; path = ../../../../usr/local/Cellar/opencv/4.5.2_4/lib/libopencv_xobjdetect.4.5.2.dylib; sourceTree = "<group>"; };
		3CE44E9D267FAB1700774BE0 /* libopencv_photo.4.5.2.dylib */ = {isa = PBXFileReference; lastKnownFileType = "compiled.mach-o.dylib"; name = libopencv_photo.4.5.2.dylib; path = ../../../../usr/local/Cellar/opencv/4.5.2_4/lib/libopencv_photo.4.5.2.dylib; sourceTree = "<group>"; };
		3CE44E9E267FAB1700774BE0 /* libopencv_dpm.4.5.2.dylib */ = {isa = PBXFileReference; lastKnownFileType = "compiled.mach-o.dylib"; name = libopencv_dpm.4.5.2.dylib; path = ../../../../usr/local/Cellar/opencv/4.5.2_4/lib/libopencv_dpm.4.5.2.dylib; sourceTree = "<group>"; };
		3CE44E9F267FAB1700774BE0 /* libopencv_stitching.4.5.2.dylib */ = {isa = PBXFileReference; lastKnownFileType = "compiled.mach-o.dylib"; name = libopencv_stitching.4.5.2.dylib; path = ../../../../usr/local/Cellar/opencv/4.5.2_4/lib/libopencv_stitching.4.5.2.dylib; sourceTree = "<group>"; };
		3CE44EA0267FAB1700774BE0 /* libopencv_bgsegm.4.5.2.dylib */ = {isa = PBXFileReference; lastKnownFileType = "compiled.mach-o.dylib"; name = libopencv_bgsegm.4.5.2.dylib; path = ../../../../usr/local/Cellar/opencv/4.5.2_4/lib/libopencv_bgsegm.4.5.2.dylib; sourceTree = "<group>"; };
		3CE44EA1267FAB1700774BE0 /* libopencv_mcc.4.5.2.dylib */ = {isa = PBXFileReference; lastKnownFileType = "compiled.mach-o.dylib"; name = libopencv_mcc.4.5.2.dylib; path = ../../../../usr/local/Cellar/opencv/4.5.2_4/lib/libopencv_mcc.4.5.2.dylib; sourceTree = "<group>"; };
/* End PBXFileReference section */

/* Begin PBXFrameworksBuildPhase section */
		3CE44E5D267FAA4700774BE0 /* Frameworks */ = {
			isa = PBXFrameworksBuildPhase;
			buildActionMask = 2147483647;
			files = (
				3CE44ED3267FAB1800774BE0 /* libopencv_xobjdetect.4.5.2.dylib in Frameworks */,
				3CE44EA2267FAB1700774BE0 /* libopencv_tracking.4.5.2.dylib in Frameworks */,
				3CE44EB9267FAB1700774BE0 /* libopencv_surface_matching.4.5.2.dylib in Frameworks */,
				3CE44EAA267FAB1700774BE0 /* libopencv_fuzzy.4.5.2.dylib in Frameworks */,
				3CE44ED6267FAB1800774BE0 /* libopencv_stitching.4.5.2.dylib in Frameworks */,
				3CE44ED1267FAB1800774BE0 /* libopencv_bioinspired.4.5.2.dylib in Frameworks */,
				3CE44EB1267FAB1700774BE0 /* libopencv_hfs.4.5.2.dylib in Frameworks */,
				3CE44ED7267FAB1800774BE0 /* libopencv_bgsegm.4.5.2.dylib in Frameworks */,
				3CE44EB5267FAB1700774BE0 /* libopencv_calib3d.4.5.2.dylib in Frameworks */,
				3CE44EAB267FAB1700774BE0 /* libopencv_structured_light.4.5.2.dylib in Frameworks */,
				3CE44EC0267FAB1700774BE0 /* libopencv_ccalib.4.5.2.dylib in Frameworks */,
				3CE44EC6267FAB1800774BE0 /* libopencv_videoio.4.5.2.dylib in Frameworks */,
				3CE44ED5267FAB1800774BE0 /* libopencv_dpm.4.5.2.dylib in Frameworks */,
				3CE44EA9267FAB1700774BE0 /* libopencv_rgbd.4.5.2.dylib in Frameworks */,
				3CE44EC1267FAB1700774BE0 /* libopencv_videostab.4.5.2.dylib in Frameworks */,
				3CE44EA4267FAB1700774BE0 /* libopencv_rapid.4.5.2.dylib in Frameworks */,
				3CE44EC4267FAB1700774BE0 /* libopencv_dnn_superres.4.5.2.dylib in Frameworks */,
				3CE44EAC267FAB1700774BE0 /* libopencv_line_descriptor.4.5.2.dylib in Frameworks */,
				3CE44EBB267FAB1700774BE0 /* libopencv_ml.4.5.2.dylib in Frameworks */,
				3CE44ECD267FAB1800774BE0 /* libopencv_features2d.4.5.2.dylib in Frameworks */,
				3CE44ECF267FAB1800774BE0 /* libopencv_datasets.4.5.2.dylib in Frameworks */,
				3CE44EBA267FAB1700774BE0 /* libopencv_text.4.5.2.dylib in Frameworks */,
				3CE44ED8267FAB1800774BE0 /* libopencv_mcc.4.5.2.dylib in Frameworks */,
				3CE44EAF267FAB1700774BE0 /* libopencv_viz.4.5.2.dylib in Frameworks */,
				3CE44EA6267FAB1700774BE0 /* libopencv_wechat_qrcode.4.5.2.dylib in Frameworks */,
				3CE44EBC267FAB1700774BE0 /* libopencv_dnn_objdetect.4.5.2.dylib in Frameworks */,
				3CE44EAD267FAB1700774BE0 /* libopencv_objdetect.4.5.2.dylib in Frameworks */,
				3CE44ED4267FAB1800774BE0 /* libopencv_photo.4.5.2.dylib in Frameworks */,
				3CE44EC8267FAB1800774BE0 /* libopencv_xphoto.4.5.2.dylib in Frameworks */,
				3CE44EC5267FAB1700774BE0 /* libopencv_alphamat.4.5.2.dylib in Frameworks */,
				3CE44EBD267FAB1700774BE0 /* libopencv_gapi.4.5.2.dylib in Frameworks */,
				3CE44EBE267FAB1700774BE0 /* libopencv_ximgproc.4.5.2.dylib in Frameworks */,
				3CE44ECC267FAB1800774BE0 /* libopencv_shape.4.5.2.dylib in Frameworks */,
				3CE44EB4267FAB1700774BE0 /* libopencv_plot.4.5.2.dylib in Frameworks */,
				3CE44ECE267FAB1800774BE0 /* libopencv_sfm.4.5.2.dylib in Frameworks */,
				3CE44EA8267FAB1700774BE0 /* libopencv_quality.4.5.2.dylib in Frameworks */,
				3CE44EB2267FAB1700774BE0 /* libopencv_imgproc.4.5.2.dylib in Frameworks */,
				3CE44ECB267FAB1800774BE0 /* libopencv_optflow.4.5.2.dylib in Frameworks */,
				3CE44EB3267FAB1700774BE0 /* libopencv_video.4.5.2.dylib in Frameworks */,
				3CE44EAE267FAB1700774BE0 /* libopencv_freetype.4.5.2.dylib in Frameworks */,
				3CE44EB6267FAB1700774BE0 /* libopencv_face.4.5.2.dylib in Frameworks */,
				3CE44EB8267FAB1700774BE0 /* libopencv_dnn.4.5.2.dylib in Frameworks */,
				3CE44ED2267FAB1800774BE0 /* libopencv_reg.4.5.2.dylib in Frameworks */,
				3CE44EC9267FAB1800774BE0 /* libopencv_stereo.4.5.2.dylib in Frameworks */,
				3CE44EA5267FAB1700774BE0 /* libopencv_saliency.4.5.2.dylib in Frameworks */,
				3CE44EC3267FAB1700774BE0 /* libopencv_superres.4.5.2.dylib in Frameworks */,
				3CE44EA3267FAB1700774BE0 /* libopencv_phase_unwrapping.4.5.2.dylib in Frameworks */,
				3CE44EA7267FAB1700774BE0 /* libopencv_intensity_transform.4.5.2.dylib in Frameworks */,
				3CE44EB7267FAB1700774BE0 /* libopencv_img_hash.4.5.2.dylib in Frameworks */,
				3CE44EC7267FAB1800774BE0 /* libopencv_xfeatures2d.4.5.2.dylib in Frameworks */,
				3CE44EB0267FAB1700774BE0 /* libopencv_flann.4.5.2.dylib in Frameworks */,
				3CE44ED0267FAB1800774BE0 /* libopencv_highgui.4.5.2.dylib in Frameworks */,
				3CE44EBF267FAB1700774BE0 /* libopencv_imgcodecs.4.5.2.dylib in Frameworks */,
				3CE44ECA267FAB1800774BE0 /* libopencv_aruco.4.5.2.dylib in Frameworks */,
				3CE44EC2267FAB1700774BE0 /* libopencv_core.4.5.2.dylib in Frameworks */,
			);
			runOnlyForDeploymentPostprocessing = 0;
		};
/* End PBXFrameworksBuildPhase section */

/* Begin PBXGroup section */
		3CE44E57267FAA4700774BE0 = {
			isa = PBXGroup;
			children = (
				3CE44E8E267FAB1600774BE0 /* libopencv_alphamat.4.5.2.dylib */,
				3CE44E93267FAB1600774BE0 /* libopencv_aruco.4.5.2.dylib */,
				3CE44EA0267FAB1700774BE0 /* libopencv_bgsegm.4.5.2.dylib */,
				3CE44E9A267FAB1700774BE0 /* libopencv_bioinspired.4.5.2.dylib */,
				3CE44E7E267FAB1600774BE0 /* libopencv_calib3d.4.5.2.dylib */,
				3CE44E89267FAB1600774BE0 /* libopencv_ccalib.4.5.2.dylib */,
				3CE44E8B267FAB1600774BE0 /* libopencv_core.4.5.2.dylib */,
				3CE44E98267FAB1700774BE0 /* libopencv_datasets.4.5.2.dylib */,
				3CE44E85267FAB1600774BE0 /* libopencv_dnn_objdetect.4.5.2.dylib */,
				3CE44E8D267FAB1600774BE0 /* libopencv_dnn_superres.4.5.2.dylib */,
				3CE44E81267FAB1600774BE0 /* libopencv_dnn.4.5.2.dylib */,
				3CE44E9E267FAB1700774BE0 /* libopencv_dpm.4.5.2.dylib */,
				3CE44E7F267FAB1600774BE0 /* libopencv_face.4.5.2.dylib */,
				3CE44E96267FAB1700774BE0 /* libopencv_features2d.4.5.2.dylib */,
				3CE44E79267FAB1600774BE0 /* libopencv_flann.4.5.2.dylib */,
				3CE44E77267FAB1600774BE0 /* libopencv_freetype.4.5.2.dylib */,
				3CE44E73267FAB1600774BE0 /* libopencv_fuzzy.4.5.2.dylib */,
				3CE44E86267FAB1600774BE0 /* libopencv_gapi.4.5.2.dylib */,
				3CE44E7A267FAB1600774BE0 /* libopencv_hfs.4.5.2.dylib */,
				3CE44E99267FAB1700774BE0 /* libopencv_highgui.4.5.2.dylib */,
				3CE44E80267FAB1600774BE0 /* libopencv_img_hash.4.5.2.dylib */,
				3CE44E88267FAB1600774BE0 /* libopencv_imgcodecs.4.5.2.dylib */,
				3CE44E7B267FAB1600774BE0 /* libopencv_imgproc.4.5.2.dylib */,
				3CE44E70267FAB1600774BE0 /* libopencv_intensity_transform.4.5.2.dylib */,
				3CE44E75267FAB1600774BE0 /* libopencv_line_descriptor.4.5.2.dylib */,
				3CE44EA1267FAB1700774BE0 /* libopencv_mcc.4.5.2.dylib */,
				3CE44E84267FAB1600774BE0 /* libopencv_ml.4.5.2.dylib */,
				3CE44E76267FAB1600774BE0 /* libopencv_objdetect.4.5.2.dylib */,
				3CE44E94267FAB1600774BE0 /* libopencv_optflow.4.5.2.dylib */,
				3CE44E6C267FAB1600774BE0 /* libopencv_phase_unwrapping.4.5.2.dylib */,
				3CE44E9D267FAB1700774BE0 /* libopencv_photo.4.5.2.dylib */,
				3CE44E7D267FAB1600774BE0 /* libopencv_plot.4.5.2.dylib */,
				3CE44E71267FAB1600774BE0 /* libopencv_quality.4.5.2.dylib */,
				3CE44E6D267FAB1600774BE0 /* libopencv_rapid.4.5.2.dylib */,
				3CE44E9B267FAB1700774BE0 /* libopencv_reg.4.5.2.dylib */,
				3CE44E72267FAB1600774BE0 /* libopencv_rgbd.4.5.2.dylib */,
				3CE44E6E267FAB1600774BE0 /* libopencv_saliency.4.5.2.dylib */,
				3CE44E97267FAB1700774BE0 /* libopencv_sfm.4.5.2.dylib */,
				3CE44E95267FAB1700774BE0 /* libopencv_shape.4.5.2.dylib */,
				3CE44E92267FAB1600774BE0 /* libopencv_stereo.4.5.2.dylib */,
				3CE44E9F267FAB1700774BE0 /* libopencv_stitching.4.5.2.dylib */,
				3CE44E74267FAB1600774BE0 /* libopencv_structured_light.4.5.2.dylib */,
				3CE44E8C267FAB1600774BE0 /* libopencv_superres.4.5.2.dylib */,
				3CE44E82267FAB1600774BE0 /* libopencv_surface_matching.4.5.2.dylib */,
				3CE44E83267FAB1600774BE0 /* libopencv_text.4.5.2.dylib */,
				3CE44E6B267FAB1600774BE0 /* libopencv_tracking.4.5.2.dylib */,
				3CE44E7C267FAB1600774BE0 /* libopencv_video.4.5.2.dylib */,
				3CE44E8F267FAB1600774BE0 /* libopencv_videoio.4.5.2.dylib */,
				3CE44E8A267FAB1600774BE0 /* libopencv_videostab.4.5.2.dylib */,
				3CE44E78267FAB1600774BE0 /* libopencv_viz.4.5.2.dylib */,
				3CE44E6F267FAB1600774BE0 /* libopencv_wechat_qrcode.4.5.2.dylib */,
				3CE44E90267FAB1600774BE0 /* libopencv_xfeatures2d.4.5.2.dylib */,
				3CE44E87267FAB1600774BE0 /* libopencv_ximgproc.4.5.2.dylib */,
				3CE44E9C267FAB1700774BE0 /* libopencv_xobjdetect.4.5.2.dylib */,
				3CE44E91267FAB1600774BE0 /* libopencv_xphoto.4.5.2.dylib */,
				3CE44E62267FAA4700774BE0 /* Foutoshop */,
				3CE44E61267FAA4700774BE0 /* Products */,
			);
			sourceTree = "<group>";
		};
		3CE44E61267FAA4700774BE0 /* Products */ = {
			isa = PBXGroup;
			children = (
				3CE44E60267FAA4700774BE0 /* Foutoshop */,
			);
			name = Products;
			sourceTree = "<group>";
		};
		3CE44E62267FAA4700774BE0 /* Foutoshop */ = {
			isa = PBXGroup;
			children = (
				3CB5D1F42681EEB40090020C /* effect.cpp */,
				3CB5D1F32681EEAE0090020C /* effect.h */,
				3CE44E63267FAA4700774BE0 /* main.cpp */,
			);
			path = Foutoshop;
			sourceTree = "<group>";
		};
/* End PBXGroup section */

/* Begin PBXNativeTarget section */
		3CE44E5F267FAA4700774BE0 /* Foutoshop */ = {
			isa = PBXNativeTarget;
			buildConfigurationList = 3CE44E67267FAA4700774BE0 /* Build configuration list for PBXNativeTarget "Foutoshop" */;
			buildPhases = (
				3CE44E5C267FAA4700774BE0 /* Sources */,
				3CE44E5D267FAA4700774BE0 /* Frameworks */,
				3CE44E5E267FAA4700774BE0 /* CopyFiles */,
			);
			buildRules = (
			);
			dependencies = (
			);
			name = Foutoshop;
			productName = Foutoshop;
			productReference = 3CE44E60267FAA4700774BE0 /* Foutoshop */;
			productType = "com.apple.product-type.tool";
		};
/* End PBXNativeTarget section */

/* Begin PBXProject section */
		3CE44E58267FAA4700774BE0 /* Project object */ = {
			isa = PBXProject;
			attributes = {
				LastUpgradeCheck = 1240;
				TargetAttributes = {
					3CE44E5F267FAA4700774BE0 = {
						CreatedOnToolsVersion = 12.4;
					};
				};
			};
			buildConfigurationList = 3CE44E5B267FAA4700774BE0 /* Build configuration list for PBXProject "Foutoshop" */;
			compatibilityVersion = "Xcode 9.3";
			developmentRegion = en;
			hasScannedForEncodings = 0;
			knownRegions = (
				en,
				Base,
			);
			mainGroup = 3CE44E57267FAA4700774BE0;
			productRefGroup = 3CE44E61267FAA4700774BE0 /* Products */;
			projectDirPath = "";
			projectRoot = "";
			targets = (
				3CE44E5F267FAA4700774BE0 /* Foutoshop */,
			);
		};
/* End PBXProject section */

/* Begin PBXSourcesBuildPhase section */
		3CE44E5C267FAA4700774BE0 /* Sources */ = {
			isa = PBXSourcesBuildPhase;
			buildActionMask = 2147483647;
			files = (
				3CB5D1F52681EEB40090020C /* effect.cpp in Sources */,
				3CE44E64267FAA4700774BE0 /* main.cpp in Sources */,
			);
			runOnlyForDeploymentPostprocessing = 0;
		};
/* End PBXSourcesBuildPhase section */

/* Begin XCBuildConfiguration section */
		3CE44E65267FAA4700774BE0 /* Debug */ = {
			isa = XCBuildConfiguration;
			buildSettings = {
				ALWAYS_SEARCH_USER_PATHS = NO;
				CLANG_ANALYZER_NONNULL = YES;
				CLANG_ANALYZER_NUMBER_OBJECT_CONVERSION = YES_AGGRESSIVE;
				CLANG_CXX_LANGUAGE_STANDARD = "gnu++14";
				CLANG_CXX_LIBRARY = "libc++";
				CLANG_ENABLE_MODULES = YES;
				CLANG_ENABLE_OBJC_ARC = YES;
				CLANG_ENABLE_OBJC_WEAK = YES;
				CLANG_WARN_BLOCK_CAPTURE_AUTORELEASING = YES;
				CLANG_WARN_BOOL_CONVERSION = YES;
				CLANG_WARN_COMMA = YES;
				CLANG_WARN_CONSTANT_CONVERSION = YES;
				CLANG_WARN_DEPRECATED_OBJC_IMPLEMENTATIONS = YES;
				CLANG_WARN_DIRECT_OBJC_ISA_USAGE = YES_ERROR;
				CLANG_WARN_DOCUMENTATION_COMMENTS = YES;
				CLANG_WARN_EMPTY_BODY = YES;
				CLANG_WARN_ENUM_CONVERSION = YES;
				CLANG_WARN_INFINITE_RECURSION = YES;
				CLANG_WARN_INT_CONVERSION = YES;
				CLANG_WARN_NON_LITERAL_NULL_CONVERSION = YES;
				CLANG_WARN_OBJC_IMPLICIT_RETAIN_SELF = YES;
				CLANG_WARN_OBJC_LITERAL_CONVERSION = YES;
				CLANG_WARN_OBJC_ROOT_CLASS = YES_ERROR;
				CLANG_WARN_QUOTED_INCLUDE_IN_FRAMEWORK_HEADER = YES;
				CLANG_WARN_RANGE_LOOP_ANALYSIS = YES;
				CLANG_WARN_STRICT_PROTOTYPES = YES;
				CLANG_WARN_SUSPICIOUS_MOVE = YES;
				CLANG_WARN_UNGUARDED_AVAILABILITY = YES_AGGRESSIVE;
				CLANG_WARN_UNREACHABLE_CODE = YES;
				CLANG_WARN__DUPLICATE_METHOD_MATCH = YES;
				COPY_PHASE_STRIP = NO;
				DEBUG_INFORMATION_FORMAT = dwarf;
				ENABLE_STRICT_OBJC_MSGSEND = YES;
				ENABLE_TESTABILITY = YES;
				GCC_C_LANGUAGE_STANDARD = gnu11;
				GCC_DYNAMIC_NO_PIC = NO;
				GCC_NO_COMMON_BLOCKS = YES;
				GCC_OPTIMIZATION_LEVEL = 0;
				GCC_PREPROCESSOR_DEFINITIONS = (
					"DEBUG=1",
					"$(inherited)",
				);
				GCC_WARN_64_TO_32_BIT_CONVERSION = YES;
				GCC_WARN_ABOUT_RETURN_TYPE = YES_ERROR;
				GCC_WARN_UNDECLARED_SELECTOR = YES;
				GCC_WARN_UNINITIALIZED_AUTOS = YES_AGGRESSIVE;
				GCC_WARN_UNUSED_FUNCTION = YES;
				GCC_WARN_UNUSED_VARIABLE = YES;
				MACOSX_DEPLOYMENT_TARGET = 10.15;
				MTL_ENABLE_DEBUG_INFO = INCLUDE_SOURCE;
				MTL_FAST_MATH = YES;
				ONLY_ACTIVE_ARCH = YES;
				SDKROOT = macosx;
			};
			name = Debug;
		};
		3CE44E66267FAA4700774BE0 /* Release */ = {
			isa = XCBuildConfiguration;
			buildSettings = {
				ALWAYS_SEARCH_USER_PATHS = NO;
				CLANG_ANALYZER_NONNULL = YES;
				CLANG_ANALYZER_NUMBER_OBJECT_CONVERSION = YES_AGGRESSIVE;
				CLANG_CXX_LANGUAGE_STANDARD = "gnu++14";
				CLANG_CXX_LIBRARY = "libc++";
				CLANG_ENABLE_MODULES = YES;
				CLANG_ENABLE_OBJC_ARC = YES;
				CLANG_ENABLE_OBJC_WEAK = YES;
				CLANG_WARN_BLOCK_CAPTURE_AUTORELEASING = YES;
				CLANG_WARN_BOOL_CONVERSION = YES;
				CLANG_WARN_COMMA = YES;
				CLANG_WARN_CONSTANT_CONVERSION = YES;
				CLANG_WARN_DEPRECATED_OBJC_IMPLEMENTATIONS = YES;
				CLANG_WARN_DIRECT_OBJC_ISA_USAGE = YES_ERROR;
				CLANG_WARN_DOCUMENTATION_COMMENTS = YES;
				CLANG_WARN_EMPTY_BODY = YES;
				CLANG_WARN_ENUM_CONVERSION = YES;
				CLANG_WARN_INFINITE_RECURSION = YES;
				CLANG_WARN_INT_CONVERSION = YES;
				CLANG_WARN_NON_LITERAL_NULL_CONVERSION = YES;
				CLANG_WARN_OBJC_IMPLICIT_RETAIN_SELF = YES;
				CLANG_WARN_OBJC_LITERAL_CONVERSION = YES;
				CLANG_WARN_OBJC_ROOT_CLASS = YES_ERROR;
				CLANG_WARN_QUOTED_INCLUDE_IN_FRAMEWORK_HEADER = YES;
				CLANG_WARN_RANGE_LOOP_ANALYSIS = YES;
				CLANG_WARN_STRICT_PROTOTYPES = YES;
				CLANG_WARN_SUSPICIOUS_MOVE = YES;
				CLANG_WARN_UNGUARDED_AVAILABILITY = YES_AGGRESSIVE;
				CLANG_WARN_UNREACHABLE_CODE = YES;
				CLANG_WARN__DUPLICATE_METHOD_MATCH = YES;
				COPY_PHASE_STRIP = NO;
				DEBUG_INFORMATION_FORMAT = "dwarf-with-dsym";
				ENABLE_NS_ASSERTIONS = NO;
				ENABLE_STRICT_OBJC_MSGSEND = YES;
				GCC_C_LANGUAGE_STANDARD = gnu11;
				GCC_NO_COMMON_BLOCKS = YES;
				GCC_WARN_64_TO_32_BIT_CONVERSION = YES;
				GCC_WARN_ABOUT_RETURN_TYPE = YES_ERROR;
				GCC_WARN_UNDECLARED_SELECTOR = YES;
				GCC_WARN_UNINITIALIZED_AUTOS = YES_AGGRESSIVE;
				GCC_WARN_UNUSED_FUNCTION = YES;
				GCC_WARN_UNUSED_VARIABLE = YES;
				MACOSX_DEPLOYMENT_TARGET = 10.15;
				MTL_ENABLE_DEBUG_INFO = NO;
				MTL_FAST_MATH = YES;
				SDKROOT = macosx;
			};
			name = Release;
		};
		3CE44E68267FAA4700774BE0 /* Debug */ = {
			isa = XCBuildConfiguration;
			buildSettings = {
				CODE_SIGN_STYLE = Automatic;
				HEADER_SEARCH_PATHS = "/usr/local/Cellar/opencv/4.5.2_4/include/opencv4/**";
				LIBRARY_SEARCH_PATHS = (
					"$(inherited)",
					/usr/local/Cellar/opencv/4.5.2_4/lib,
				);
				PRODUCT_NAME = "$(TARGET_NAME)";
			};
			name = Debug;
		};
		3CE44E69267FAA4700774BE0 /* Release */ = {
			isa = XCBuildConfiguration;
			buildSettings = {
				CODE_SIGN_STYLE = Automatic;
				HEADER_SEARCH_PATHS = "/usr/local/Cellar/opencv/4.5.2_4/include/opencv4/**";
				LIBRARY_SEARCH_PATHS = (
					"$(inherited)",
					/usr/local/Cellar/opencv/4.5.2_4/lib,
				);
				PRODUCT_NAME = "$(TARGET_NAME)";
			};
			name = Release;
		};
/* End XCBuildConfiguration section */

/* Begin XCConfigurationList section */
		3CE44E5B267FAA4700774BE0 /* Build configuration list for PBXProject "Foutoshop" */ = {
			isa = XCConfigurationList;
			buildConfigurations = (
				3CE44E65267FAA4700774BE0 /* Debug */,
				3CE44E66267FAA4700774BE0 /* Release */,
			);
			defaultConfigurationIsVisible = 0;
			defaultConfigurationName = Release;
		};
		3CE44E67267FAA4700774BE0 /* Build configuration list for PBXNativeTarget "Foutoshop" */ = {
			isa = XCConfigurationList;
			buildConfigurations = (
				3CE44E68267FAA4700774BE0 /* Debug */,
				3CE44E69267FAA4700774BE0 /* Release */,
			);
			defaultConfigurationIsVisible = 0;
			defaultConfigurationName = Release;
		};
/* End XCConfigurationList section */
	};
	rootObject = 3CE44E58267FAA4700774BE0 /* Project object */;
}
